# @generated by Move, please check-in and do not edit manually.

[move]
version = 2
manifest_digest = "8007FEB32D2FF3FCEC70E546465C43D78EF1FC429C14A4DC0A3A0E9EF5CDB298"
deps_digest = "060AD7E57DFB13104F21BE5F5C3759D03F0553FC3229247D9A7A6B45F50D03A3"
dependencies = [
  { name = "ScallopProtocol" },
  { name = "Sui" },
  { name = "VeSca" },
]

[[move.package]]
name = "CoinDecimalsRegistry"
source = { git = "https://github.com/scallop-io/sui-lending-protocol.git", rev = "main", subdir = "contracts/libs/coin_decimals_registry" }

dependencies = [
  { name = "Sui" },
]

[[move.package]]
name = "Math"
source = { git = "https://github.com/scallop-io/sui-lending-protocol.git", rev = "main", subdir = "contracts/libs/math" }

dependencies = [
  { name = "Sui" },
]

[[move.package]]
name = "MoveStdlib"
source = { git = "https://github.com/MystenLabs/sui.git", rev = "mainnet", subdir = "crates/sui-framework/packages/move-stdlib" }

[[move.package]]
name = "Sca"
source = { git = "https://github.com/scallop-io/sca.git", rev = "main", subdir = "sca" }

dependencies = [
  { name = "Sui" },
  { name = "XSupply" },
]

[[move.package]]
name = "ScallopProtocol"
source = { git = "https://github.com/scallop-io/sui-lending-protocol.git", rev = "main", subdir = "contracts/protocol" }

dependencies = [
  { name = "CoinDecimalsRegistry" },
  { name = "Math" },
  { name = "Sui" },
  { name = "Whitelist" },
  { name = "X" },
  { name = "XOracle" },
]

[[move.package]]
name = "Sui"
source = { git = "https://github.com/MystenLabs/sui.git", rev = "mainnet", subdir = "crates/sui-framework/packages/sui-framework" }

dependencies = [
  { name = "MoveStdlib" },
]

[[move.package]]
name = "VeSca"
source = { git = "https://github.com/scallop-io/ve-sca-interface.git", rev = "main", subdir = "" }

dependencies = [
  { name = "Sca" },
  { name = "Sui" },
]

[[move.package]]
name = "Whitelist"
source = { git = "https://github.com/scallop-io/sui-lending-protocol.git", rev = "main", subdir = "contracts/libs/whitelist" }

dependencies = [
  { name = "Sui" },
]

[[move.package]]
name = "X"
source = { git = "https://github.com/scallop-io/sui-lending-protocol.git", rev = "main", subdir = "contracts/libs/x" }

dependencies = [
  { name = "Sui" },
]

[[move.package]]
name = "XOracle"
source = { git = "https://github.com/scallop-io/sui-lending-protocol.git", rev = "main", subdir = "contracts/sui_x_oracle/x_oracle" }

dependencies = [
  { name = "Sui" },
]

[[move.package]]
name = "XSupply"
source = { git = "https://github.com/scallop-io/sca.git", rev = "main", subdir = "x_supply" }

dependencies = [
  { name = "Sui" },
]

[move.toolchain-version]
compiler-version = "1.24.1"
edition = "legacy"
flavor = "sui"
